
Microsoft Visual Studio Solution File, Format Version 12.00
# Visual Studio Version 17
VisualStudioVersion = 17.11.35219.272
MinimumVisualStudioVersion = 10.0.40219.1
Project("{9A19103F-16F7-4668-BE54-9A1E7A4F7556}") = "education", "education\education.csproj", "{7F850BFD-4575-4D6C-983D-145A432B4B58}"
EndProject
Global
	GlobalSection(SolutionConfigurationPlatforms) = preSolution
		Debug|Any CPU = Debug|Any CPU
		Release|Any CPU = Release|Any CPU
	EndGlobalSection
	GlobalSection(ProjectConfigurationPlatforms) = postSolution
		{7F850BFD-4575-4D6C-983D-145A432B4B58}.Debug|Any CPU.ActiveCfg = Debug|Any CPU
		{7F850BFD-4575-4D6C-983D-145A432B4B58}.Debug|Any CPU.Build.0 = Debug|Any CPU
		{7F850BFD-4575-4D6C-983D-145A432B4B58}.Release|Any CPU.ActiveCfg = Release|Any CPU
		{7F850BFD-4575-4D6C-983D-145A432B4B58}.Release|Any CPU.Build.0 = Release|Any CPU
	EndGlobalSection
	GlobalSection(SolutionProperties) = preSolution
		HideSolutionNode = FALSE
	EndGlobalSection
	GlobalSection(ExtensibilityGlobals) = postSolution
		SolutionGuid = {916BC2F1-4033-447A-A60E-D5326BED22B7}
	EndGlobalSection
EndGlobal
